
Microsoft Visual Studio Solution File, Format Version 12.00
# Visual Studio Version 17
VisualStudioVersion = 17.8.34330.188
MinimumVisualStudioVersion = 10.0.40219.1
Project("{9A19103F-16F7-4668-BE54-9A1E7A4F7556}") = "WebApplication1", "WebApplication1\WebApplication1.csproj", "{99543729-B3F9-4CF9-A3D8-D15B212B2827}"
EndProject
Global
	GlobalSection(SolutionConfigurationPlatforms) = preSolution
		Debug|Any CPU = Debug|Any CPU
		Release|Any CPU = Release|Any CPU
	EndGlobalSection
	GlobalSection(ProjectConfigurationPlatforms) = postSolution
		{99543729-B3F9-4CF9-A3D8-D15B212B2827}.Debug|Any CPU.ActiveCfg = Debug|Any CPU
		{99543729-B3F9-4CF9-A3D8-D15B212B2827}.Debug|Any CPU.Build.0 = Debug|Any CPU
		{99543729-B3F9-4CF9-A3D8-D15B212B2827}.Release|Any CPU.ActiveCfg = Release|Any CPU
		{99543729-B3F9-4CF9-A3D8-D15B212B2827}.Release|Any CPU.Build.0 = Release|Any CPU
	EndGlobalSection
	GlobalSection(SolutionProperties) = preSolution
		HideSolutionNode = FALSE
	EndGlobalSection
	GlobalSection(ExtensibilityGlobals) = postSolution
		SolutionGuid = {5BCA3087-41CB-4377-9171-7DA3DC5915D8}
	EndGlobalSection
EndGlobal
